
Microsoft Visual Studio Solution File, Format Version 12.00
# Visual Studio 15
VisualStudioVersion = 15.0.27004.2009
MinimumVisualStudioVersion = 10.0.40219.1
Project("{FAE04EC0-301F-11D3-BF4B-00C04F79EFBC}") = "DomainEventsExemplo", "DomainEventsExemplo\DomainEventsExemplo.csproj", "{99AE4FA0-2026-44BD-882F-0241BD8B0FCE}"
EndProject
Global
	GlobalSection(SolutionConfigurationPlatforms) = preSolution
		Debug|Any CPU = Debug|Any CPU
		Release|Any CPU = Release|Any CPU
	EndGlobalSection
	GlobalSection(ProjectConfigurationPlatforms) = postSolution
		{99AE4FA0-2026-44BD-882F-0241BD8B0FCE}.Debug|Any CPU.ActiveCfg = Debug|Any CPU
		{99AE4FA0-2026-44BD-882F-0241BD8B0FCE}.Debug|Any CPU.Build.0 = Debug|Any CPU
		{99AE4FA0-2026-44BD-882F-0241BD8B0FCE}.Release|Any CPU.ActiveCfg = Release|Any CPU
		{99AE4FA0-2026-44BD-882F-0241BD8B0FCE}.Release|Any CPU.Build.0 = Release|Any CPU
	EndGlobalSection
	GlobalSection(SolutionProperties) = preSolution
		HideSolutionNode = FALSE
	EndGlobalSection
	GlobalSection(ExtensibilityGlobals) = postSolution
		SolutionGuid = {58EAA116-6176-4B97-9BCD-FE24B09DE05B}
	EndGlobalSection
EndGlobal
